// !$*UTF8*$!
{
	archiveVersion = 1;
	classes = {
	};
	objectVersion = 48;
	objects = {

/* Begin PBXBuildFile section */
		1D40261E2041D2FE00AA2F23 /* UIColor+theme.swift in Sources */ = {isa = PBXBuildFile; fileRef = 1D40261D2041D2FE00AA2F23 /* UIColor+theme.swift */; };
		1D4026222041DB3100AA2F23 /* CreateCompanyController.swift in Sources */ = {isa = PBXBuildFile; fileRef = 1D4026212041DB3100AA2F23 /* CreateCompanyController.swift */; };
		1D4026242042B4D600AA2F23 /* CreateCompanyControllerDelegate.swift in Sources */ = {isa = PBXBuildFile; fileRef = 1D4026232042B4D600AA2F23 /* CreateCompanyControllerDelegate.swift */; };
		1D4026272042B7A400AA2F23 /* CoreDataModel.xcdatamodeld in Sources */ = {isa = PBXBuildFile; fileRef = 1D4026252042B7A400AA2F23 /* CoreDataModel.xcdatamodeld */; };
		1D8D7E4A204CA30A00EC9D3F /* CompanyCell.swift in Sources */ = {isa = PBXBuildFile; fileRef = 1D8D7E49204CA30A00EC9D3F /* CompanyCell.swift */; };
		1D8D7E4D204D53D800EC9D3F /* CompaniesController+CreateCompany.swift in Sources */ = {isa = PBXBuildFile; fileRef = 1D8D7E4C204D53D800EC9D3F /* CompaniesController+CreateCompany.swift */; };
		1D8D7E4F204D54DA00EC9D3F /* CompaniesController+UITableView.swift in Sources */ = {isa = PBXBuildFile; fileRef = 1D8D7E4E204D54DA00EC9D3F /* CompaniesController+UITableView.swift */; };
		1D8D7E51204D574F00EC9D3F /* EmployeesController.swift in Sources */ = {isa = PBXBuildFile; fileRef = 1D8D7E50204D574F00EC9D3F /* EmployeesController.swift */; };
		1D8D7E54204D592200EC9D3F /* UIViewController+Helpers.swift in Sources */ = {isa = PBXBuildFile; fileRef = 1D8D7E53204D592200EC9D3F /* UIViewController+Helpers.swift */; };
		1D8D7E56204D5B6500EC9D3F /* CreateEmployeeController.swift in Sources */ = {isa = PBXBuildFile; fileRef = 1D8D7E55204D5B6500EC9D3F /* CreateEmployeeController.swift */; };
		1DEC119A2044BA7C00973E34 /* CoreDataManager.swift in Sources */ = {isa = PBXBuildFile; fileRef = 1DEC11992044BA7C00973E34 /* CoreDataManager.swift */; };
		1DED2D202041C60B00FB5DD4 /* AppDelegate.swift in Sources */ = {isa = PBXBuildFile; fileRef = 1DED2D1F2041C60B00FB5DD4 /* AppDelegate.swift */; };
		1DED2D222041C60B00FB5DD4 /* CompaniesController.swift in Sources */ = {isa = PBXBuildFile; fileRef = 1DED2D212041C60B00FB5DD4 /* CompaniesController.swift */; };
		1DED2D252041C60B00FB5DD4 /* Main.storyboard in Resources */ = {isa = PBXBuildFile; fileRef = 1DED2D232041C60B00FB5DD4 /* Main.storyboard */; };
		1DED2D272041C60B00FB5DD4 /* Assets.xcassets in Resources */ = {isa = PBXBuildFile; fileRef = 1DED2D262041C60B00FB5DD4 /* Assets.xcassets */; };
		1DED2D2A2041C60B00FB5DD4 /* LaunchScreen.storyboard in Resources */ = {isa = PBXBuildFile; fileRef = 1DED2D282041C60B00FB5DD4 /* LaunchScreen.storyboard */; };
		1DED2D4E2041CC3C00FB5DD4 /* CustomNavigationController.swift in Sources */ = {isa = PBXBuildFile; fileRef = 1DED2D4D2041CC3C00FB5DD4 /* CustomNavigationController.swift */; };
/* End PBXBuildFile section */

/* Begin PBXFileReference section */
		1D40261D2041D2FE00AA2F23 /* UIColor+theme.swift */ = {isa = PBXFileReference; lastKnownFileType = sourcecode.swift; path = "UIColor+theme.swift"; sourceTree = "<group>"; };
		1D4026212041DB3100AA2F23 /* CreateCompanyController.swift */ = {isa = PBXFileReference; lastKnownFileType = sourcecode.swift; path = CreateCompanyController.swift; sourceTree = "<group>"; };
		1D4026232042B4D600AA2F23 /* CreateCompanyControllerDelegate.swift */ = {isa = PBXFileReference; lastKnownFileType = sourcecode.swift; path = CreateCompanyControllerDelegate.swift; sourceTree = "<group>"; };
		1D4026262042B7A400AA2F23 /* CoreDataModel.xcdatamodel */ = {isa = PBXFileReference; lastKnownFileType = wrapper.xcdatamodel; path = CoreDataModel.xcdatamodel; sourceTree = "<group>"; };
		1D8D7E49204CA30A00EC9D3F /* CompanyCell.swift */ = {isa = PBXFileReference; lastKnownFileType = sourcecode.swift; path = CompanyCell.swift; sourceTree = "<group>"; };
		1D8D7E4C204D53D800EC9D3F /* CompaniesController+CreateCompany.swift */ = {isa = PBXFileReference; lastKnownFileType = sourcecode.swift; path = "CompaniesController+CreateCompany.swift"; sourceTree = "<group>"; };
		1D8D7E4E204D54DA00EC9D3F /* CompaniesController+UITableView.swift */ = {isa = PBXFileReference; lastKnownFileType = sourcecode.swift; path = "CompaniesController+UITableView.swift"; sourceTree = "<group>"; };
		1D8D7E50204D574F00EC9D3F /* EmployeesController.swift */ = {isa = PBXFileReference; lastKnownFileType = sourcecode.swift; path = EmployeesController.swift; sourceTree = "<group>"; };
		1D8D7E53204D592200EC9D3F /* UIViewController+Helpers.swift */ = {isa = PBXFileReference; lastKnownFileType = sourcecode.swift; path = "UIViewController+Helpers.swift"; sourceTree = "<group>"; };
		1D8D7E55204D5B6500EC9D3F /* CreateEmployeeController.swift */ = {isa = PBXFileReference; lastKnownFileType = sourcecode.swift; path = CreateEmployeeController.swift; sourceTree = "<group>"; };
		1DEC11992044BA7C00973E34 /* CoreDataManager.swift */ = {isa = PBXFileReference; lastKnownFileType = sourcecode.swift; path = CoreDataManager.swift; sourceTree = "<group>"; };
		1DED2D1C2041C60B00FB5DD4 /* iOS-Core-Data.app */ = {isa = PBXFileReference; explicitFileType = wrapper.application; includeInIndex = 0; path = "iOS-Core-Data.app"; sourceTree = BUILT_PRODUCTS_DIR; };
		1DED2D1F2041C60B00FB5DD4 /* AppDelegate.swift */ = {isa = PBXFileReference; lastKnownFileType = sourcecode.swift; path = AppDelegate.swift; sourceTree = "<group>"; };
		1DED2D212041C60B00FB5DD4 /* CompaniesController.swift */ = {isa = PBXFileReference; lastKnownFileType = sourcecode.swift; path = CompaniesController.swift; sourceTree = "<group>"; };
		1DED2D242041C60B00FB5DD4 /* Base */ = {isa = PBXFileReference; lastKnownFileType = file.storyboard; name = Base; path = Base.lproj/Main.storyboard; sourceTree = "<group>"; };
		1DED2D262041C60B00FB5DD4 /* Assets.xcassets */ = {isa = PBXFileReference; lastKnownFileType = folder.assetcatalog; path = Assets.xcassets; sourceTree = "<group>"; };
		1DED2D292041C60B00FB5DD4 /* Base */ = {isa = PBXFileReference; lastKnownFileType = file.storyboard; name = Base; path = Base.lproj/LaunchScreen.storyboard; sourceTree = "<group>"; };
		1DED2D2B2041C60B00FB5DD4 /* Info.plist */ = {isa = PBXFileReference; lastKnownFileType = text.plist.xml; path = Info.plist; sourceTree = "<group>"; };
		1DED2D4D2041CC3C00FB5DD4 /* CustomNavigationController.swift */ = {isa = PBXFileReference; lastKnownFileType = sourcecode.swift; path = CustomNavigationController.swift; sourceTree = "<group>"; };
/* End PBXFileReference section */

/* Begin PBXFrameworksBuildPhase section */
		1DED2D192041C60B00FB5DD4 /* Frameworks */ = {
			isa = PBXFrameworksBuildPhase;
			buildActionMask = 2147483647;
			files = (
			);
			runOnlyForDeploymentPostprocessing = 0;
		};
/* End PBXFrameworksBuildPhase section */

/* Begin PBXGroup section */
		1D8D7E4B204CA3A800EC9D3F /* Companies */ = {
			isa = PBXGroup;
			children = (
				1DED2D212041C60B00FB5DD4 /* CompaniesController.swift */,
				1D8D7E4C204D53D800EC9D3F /* CompaniesController+CreateCompany.swift */,
				1D8D7E4E204D54DA00EC9D3F /* CompaniesController+UITableView.swift */,
				1D8D7E49204CA30A00EC9D3F /* CompanyCell.swift */,
				1D4026212041DB3100AA2F23 /* CreateCompanyController.swift */,
				1D8D7E50204D574F00EC9D3F /* EmployeesController.swift */,
				1D8D7E55204D5B6500EC9D3F /* CreateEmployeeController.swift */,
			);
			path = Companies;
			sourceTree = "<group>";
		};
		1D8D7E52204D591000EC9D3F /* Helpers */ = {
			isa = PBXGroup;
			children = (
				1D8D7E53204D592200EC9D3F /* UIViewController+Helpers.swift */,
			);
			path = Helpers;
			sourceTree = "<group>";
		};
		1DED2D132041C60B00FB5DD4 = {
			isa = PBXGroup;
			children = (
				1DED2D1E2041C60B00FB5DD4 /* iOS-Core-Data */,
				1DED2D1D2041C60B00FB5DD4 /* Products */,
			);
			sourceTree = "<group>";
		};
		1DED2D1D2041C60B00FB5DD4 /* Products */ = {
			isa = PBXGroup;
			children = (
				1DED2D1C2041C60B00FB5DD4 /* iOS-Core-Data.app */,
			);
			name = Products;
			sourceTree = "<group>";
		};
		1DED2D1E2041C60B00FB5DD4 /* iOS-Core-Data */ = {
			isa = PBXGroup;
			children = (
				1D8D7E52204D591000EC9D3F /* Helpers */,
				1D8D7E4B204CA3A800EC9D3F /* Companies */,
				1DED2D1F2041C60B00FB5DD4 /* AppDelegate.swift */,
				1DED2D4D2041CC3C00FB5DD4 /* CustomNavigationController.swift */,
				1D4026232042B4D600AA2F23 /* CreateCompanyControllerDelegate.swift */,
				1DED2D232041C60B00FB5DD4 /* Main.storyboard */,
				1DED2D262041C60B00FB5DD4 /* Assets.xcassets */,
				1DED2D282041C60B00FB5DD4 /* LaunchScreen.storyboard */,
				1DED2D2B2041C60B00FB5DD4 /* Info.plist */,
				1D40261D2041D2FE00AA2F23 /* UIColor+theme.swift */,
				1D4026252042B7A400AA2F23 /* CoreDataModel.xcdatamodeld */,
				1DEC11992044BA7C00973E34 /* CoreDataManager.swift */,
			);
			path = "iOS-Core-Data";
			sourceTree = "<group>";
		};
/* End PBXGroup section */

/* Begin PBXNativeTarget section */
		1DED2D1B2041C60B00FB5DD4 /* iOS-Core-Data */ = {
			isa = PBXNativeTarget;
			buildConfigurationList = 1DED2D442041C60B00FB5DD4 /* Build configuration list for PBXNativeTarget "iOS-Core-Data" */;
			buildPhases = (
				1DED2D182041C60B00FB5DD4 /* Sources */,
				1DED2D192041C60B00FB5DD4 /* Frameworks */,
				1DED2D1A2041C60B00FB5DD4 /* Resources */,
			);
			buildRules = (
			);
			dependencies = (
			);
			name = "iOS-Core-Data";
			productName = "iOS-Core-Data";
			productReference = 1DED2D1C2041C60B00FB5DD4 /* iOS-Core-Data.app */;
			productType = "com.apple.product-type.application";
		};
/* End PBXNativeTarget section */

/* Begin PBXProject section */
		1DED2D142041C60B00FB5DD4 /* Project object */ = {
			isa = PBXProject;
			attributes = {
				LastSwiftUpdateCheck = 0920;
				LastUpgradeCheck = 0920;
				ORGANIZATIONNAME = "Cesare Gianfilippo Astianatte de Cal";
				TargetAttributes = {
					1DED2D1B2041C60B00FB5DD4 = {
						CreatedOnToolsVersion = 9.2;
						ProvisioningStyle = Automatic;
					};
				};
			};
			buildConfigurationList = 1DED2D172041C60B00FB5DD4 /* Build configuration list for PBXProject "iOS-Core-Data" */;
			compatibilityVersion = "Xcode 8.0";
			developmentRegion = en;
			hasScannedForEncodings = 0;
			knownRegions = (
				en,
				Base,
			);
			mainGroup = 1DED2D132041C60B00FB5DD4;
			productRefGroup = 1DED2D1D2041C60B00FB5DD4 /* Products */;
			projectDirPath = "";
			projectRoot = "";
			targets = (
				1DED2D1B2041C60B00FB5DD4 /* iOS-Core-Data */,
			);
		};
/* End PBXProject section */

/* Begin PBXResourcesBuildPhase section */
		1DED2D1A2041C60B00FB5DD4 /* Resources */ = {
			isa = PBXResourcesBuildPhase;
			buildActionMask = 2147483647;
			files = (
				1DED2D2A2041C60B00FB5DD4 /* LaunchScreen.storyboard in Resources */,
				1DED2D272041C60B00FB5DD4 /* Assets.xcassets in Resources */,
				1DED2D252041C60B00FB5DD4 /* Main.storyboard in Resources */,
			);
			runOnlyForDeploymentPostprocessing = 0;
		};
/* End PBXResourcesBuildPhase section */

/* Begin PBXSourcesBuildPhase section */
		1DED2D182041C60B00FB5DD4 /* Sources */ = {
			isa = PBXSourcesBuildPhase;
			buildActionMask = 2147483647;
			files = (
				1DED2D4E2041CC3C00FB5DD4 /* CustomNavigationController.swift in Sources */,
				1D8D7E56204D5B6500EC9D3F /* CreateEmployeeController.swift in Sources */,
				1D8D7E4F204D54DA00EC9D3F /* CompaniesController+UITableView.swift in Sources */,
				1D40261E2041D2FE00AA2F23 /* UIColor+theme.swift in Sources */,
				1DED2D222041C60B00FB5DD4 /* CompaniesController.swift in Sources */,
				1DED2D202041C60B00FB5DD4 /* AppDelegate.swift in Sources */,
				1D8D7E4A204CA30A00EC9D3F /* CompanyCell.swift in Sources */,
				1D4026222041DB3100AA2F23 /* CreateCompanyController.swift in Sources */,
				1D8D7E51204D574F00EC9D3F /* EmployeesController.swift in Sources */,
				1D4026272042B7A400AA2F23 /* CoreDataModel.xcdatamodeld in Sources */,
				1DEC119A2044BA7C00973E34 /* CoreDataManager.swift in Sources */,
				1D4026242042B4D600AA2F23 /* CreateCompanyControllerDelegate.swift in Sources */,
				1D8D7E4D204D53D800EC9D3F /* CompaniesController+CreateCompany.swift in Sources */,
				1D8D7E54204D592200EC9D3F /* UIViewController+Helpers.swift in Sources */,
			);
			runOnlyForDeploymentPostprocessing = 0;
		};
/* End PBXSourcesBuildPhase section */

/* Begin PBXVariantGroup section */
		1DED2D232041C60B00FB5DD4 /* Main.storyboard */ = {
			isa = PBXVariantGroup;
			children = (
				1DED2D242041C60B00FB5DD4 /* Base */,
			);
			name = Main.storyboard;
			sourceTree = "<group>";
		};
		1DED2D282041C60B00FB5DD4 /* LaunchScreen.storyboard */ = {
			isa = PBXVariantGroup;
			children = (
				1DED2D292041C60B00FB5DD4 /* Base */,
			);
			name = LaunchScreen.storyboard;
			sourceTree = "<group>";
		};
/* End PBXVariantGroup section */

/* Begin XCBuildConfiguration section */
		1DED2D422041C60B00FB5DD4 /* Debug */ = {
			isa = XCBuildConfiguration;
			buildSettings = {
				ALWAYS_SEARCH_USER_PATHS = NO;
				CLANG_ANALYZER_NONNULL = YES;
				CLANG_ANALYZER_NUMBER_OBJECT_CONVERSION = YES_AGGRESSIVE;
				CLANG_CXX_LANGUAGE_STANDARD = "gnu++14";
				CLANG_CXX_LIBRARY = "libc++";
				CLANG_ENABLE_MODULES = YES;
				CLANG_ENABLE_OBJC_ARC = YES;
				CLANG_WARN_BLOCK_CAPTURE_AUTORELEASING = YES;
				CLANG_WARN_BOOL_CONVERSION = YES;
				CLANG_WARN_COMMA = YES;
				CLANG_WARN_CONSTANT_CONVERSION = YES;
				CLANG_WARN_DIRECT_OBJC_ISA_USAGE = YES_ERROR;
				CLANG_WARN_DOCUMENTATION_COMMENTS = YES;
				CLANG_WARN_EMPTY_BODY = YES;
				CLANG_WARN_ENUM_CONVERSION = YES;
				CLANG_WARN_INFINITE_RECURSION = YES;
				CLANG_WARN_INT_CONVERSION = YES;
				CLANG_WARN_NON_LITERAL_NULL_CONVERSION = YES;
				CLANG_WARN_OBJC_LITERAL_CONVERSION = YES;
				CLANG_WARN_OBJC_ROOT_CLASS = YES_ERROR;
				CLANG_WARN_RANGE_LOOP_ANALYSIS = YES;
				CLANG_WARN_STRICT_PROTOTYPES = YES;
				CLANG_WARN_SUSPICIOUS_MOVE = YES;
				CLANG_WARN_UNGUARDED_AVAILABILITY = YES_AGGRESSIVE;
				CLANG_WARN_UNREACHABLE_CODE = YES;
				CLANG_WARN__DUPLICATE_METHOD_MATCH = YES;
				CODE_SIGN_IDENTITY = "iPhone Developer";
				COPY_PHASE_STRIP = NO;
				DEBUG_INFORMATION_FORMAT = dwarf;
				ENABLE_STRICT_OBJC_MSGSEND = YES;
				ENABLE_TESTABILITY = YES;
				GCC_C_LANGUAGE_STANDARD = gnu11;
				GCC_DYNAMIC_NO_PIC = NO;
				GCC_NO_COMMON_BLOCKS = YES;
				GCC_OPTIMIZATION_LEVEL = 0;
				GCC_PREPROCESSOR_DEFINITIONS = (
					"DEBUG=1",
					"$(inherited)",
				);
				GCC_WARN_64_TO_32_BIT_CONVERSION = YES;
				GCC_WARN_ABOUT_RETURN_TYPE = YES_ERROR;
				GCC_WARN_UNDECLARED_SELECTOR = YES;
				GCC_WARN_UNINITIALIZED_AUTOS = YES_AGGRESSIVE;
				GCC_WARN_UNUSED_FUNCTION = YES;
				GCC_WARN_UNUSED_VARIABLE = YES;
				IPHONEOS_DEPLOYMENT_TARGET = 11.2;
				MTL_ENABLE_DEBUG_INFO = YES;
				ONLY_ACTIVE_ARCH = YES;
				SDKROOT = iphoneos;
				SWIFT_ACTIVE_COMPILATION_CONDITIONS = DEBUG;
				SWIFT_OPTIMIZATION_LEVEL = "-Onone";
			};
			name = Debug;
		};
		1DED2D432041C60B00FB5DD4 /* Release */ = {
			isa = XCBuildConfiguration;
			buildSettings = {
				ALWAYS_SEARCH_USER_PATHS = NO;
				CLANG_ANALYZER_NONNULL = YES;
				CLANG_ANALYZER_NUMBER_OBJECT_CONVERSION = YES_AGGRESSIVE;
				CLANG_CXX_LANGUAGE_STANDARD = "gnu++14";
				CLANG_CXX_LIBRARY = "libc++";
				CLANG_ENABLE_MODULES = YES;
				CLANG_ENABLE_OBJC_ARC = YES;
				CLANG_WARN_BLOCK_CAPTURE_AUTORELEASING = YES;
				CLANG_WARN_BOOL_CONVERSION = YES;
				CLANG_WARN_COMMA = YES;
				CLANG_WARN_CONSTANT_CONVERSION = YES;
				CLANG_WARN_DIRECT_OBJC_ISA_USAGE = YES_ERROR;
				CLANG_WARN_DOCUMENTATION_COMMENTS = YES;
				CLANG_WARN_EMPTY_BODY = YES;
				CLANG_WARN_ENUM_CONVERSION = YES;
				CLANG_WARN_INFINITE_RECURSION = YES;
				CLANG_WARN_INT_CONVERSION = YES;
				CLANG_WARN_NON_LITERAL_NULL_CONVERSION = YES;
				CLANG_WARN_OBJC_LITERAL_CONVERSION = YES;
				CLANG_WARN_OBJC_ROOT_CLASS = YES_ERROR;
				CLANG_WARN_RANGE_LOOP_ANALYSIS = YES;
				CLANG_WARN_STRICT_PROTOTYPES = YES;
				CLANG_WARN_SUSPICIOUS_MOVE = YES;
				CLANG_WARN_UNGUARDED_AVAILABILITY = YES_AGGRESSIVE;
				CLANG_WARN_UNREACHABLE_CODE = YES;
				CLANG_WARN__DUPLICATE_METHOD_MATCH = YES;
				CODE_SIGN_IDENTITY = "iPhone Developer";
				COPY_PHASE_STRIP = NO;
				DEBUG_INFORMATION_FORMAT = "dwarf-with-dsym";
				ENABLE_NS_ASSERTIONS = NO;
				ENABLE_STRICT_OBJC_MSGSEND = YES;
				GCC_C_LANGUAGE_STANDARD = gnu11;
				GCC_NO_COMMON_BLOCKS = YES;
				GCC_WARN_64_TO_32_BIT_CONVERSION = YES;
				GCC_WARN_ABOUT_RETURN_TYPE = YES_ERROR;
				GCC_WARN_UNDECLARED_SELECTOR = YES;
				GCC_WARN_UNINITIALIZED_AUTOS = YES_AGGRESSIVE;
				GCC_WARN_UNUSED_FUNCTION = YES;
				GCC_WARN_UNUSED_VARIABLE = YES;
				IPHONEOS_DEPLOYMENT_TARGET = 11.2;
				MTL_ENABLE_DEBUG_INFO = NO;
				SDKROOT = iphoneos;
				SWIFT_OPTIMIZATION_LEVEL = "-Owholemodule";
				VALIDATE_PRODUCT = YES;
			};
			name = Release;
		};
		1DED2D452041C60B00FB5DD4 /* Debug */ = {
			isa = XCBuildConfiguration;
			buildSettings = {
				ASSETCATALOG_COMPILER_APPICON_NAME = AppIcon;
				CODE_SIGN_STYLE = Automatic;
				DEVELOPMENT_TEAM = G99G8858YN;
				INFOPLIST_FILE = "iOS-Core-Data/Info.plist";
				LD_RUNPATH_SEARCH_PATHS = "$(inherited) @executable_path/Frameworks";
				PRODUCT_BUNDLE_IDENTIFIER = "com.cesaredecal.iOS-Core-Data";
				PRODUCT_NAME = "$(TARGET_NAME)";
				SWIFT_VERSION = 4.0;
				TARGETED_DEVICE_FAMILY = "1,2";
			};
			name = Debug;
		};
		1DED2D462041C60B00FB5DD4 /* Release */ = {
			isa = XCBuildConfiguration;
			buildSettings = {
				ASSETCATALOG_COMPILER_APPICON_NAME = AppIcon;
				CODE_SIGN_STYLE = Automatic;
				DEVELOPMENT_TEAM = G99G8858YN;
				INFOPLIST_FILE = "iOS-Core-Data/Info.plist";
				LD_RUNPATH_SEARCH_PATHS = "$(inherited) @executable_path/Frameworks";
				PRODUCT_BUNDLE_IDENTIFIER = "com.cesaredecal.iOS-Core-Data";
				PRODUCT_NAME = "$(TARGET_NAME)";
				SWIFT_VERSION = 4.0;
				TARGETED_DEVICE_FAMILY = "1,2";
			};
			name = Release;
		};
/* End XCBuildConfiguration section */

/* Begin XCConfigurationList section */
		1DED2D172041C60B00FB5DD4 /* Build configuration list for PBXProject "iOS-Core-Data" */ = {
			isa = XCConfigurationList;
			buildConfigurations = (
				1DED2D422041C60B00FB5DD4 /* Debug */,
				1DED2D432041C60B00FB5DD4 /* Release */,
			);
			defaultConfigurationIsVisible = 0;
			defaultConfigurationName = Release;
		};
		1DED2D442041C60B00FB5DD4 /* Build configuration list for PBXNativeTarget "iOS-Core-Data" */ = {
			isa = XCConfigurationList;
			buildConfigurations = (
				1DED2D452041C60B00FB5DD4 /* Debug */,
				1DED2D462041C60B00FB5DD4 /* Release */,
			);
			defaultConfigurationIsVisible = 0;
			defaultConfigurationName = Release;
		};
/* End XCConfigurationList section */

/* Begin XCVersionGroup section */
		1D4026252042B7A400AA2F23 /* CoreDataModel.xcdatamodeld */ = {
			isa = XCVersionGroup;
			children = (
				1D4026262042B7A400AA2F23 /* CoreDataModel.xcdatamodel */,
			);
			currentVersion = 1D4026262042B7A400AA2F23 /* CoreDataModel.xcdatamodel */;
			path = CoreDataModel.xcdatamodeld;
			sourceTree = "<group>";
			versionGroupType = wrapper.xcdatamodel;
		};
/* End XCVersionGroup section */
	};
	rootObject = 1DED2D142041C60B00FB5DD4 /* Project object */;
}
